
Microsoft Visual Studio Solution File, Format Version 12.00
# Visual Studio Version 16
VisualStudioVersion = 16.0.32228.343
MinimumVisualStudioVersion = 10.0.40219.1
Project("{FAE04EC0-301F-11D3-BF4B-00C04F79EFBC}") = "DemoQuanLyChoThueBangDia", "DemoQuanLyChoThueBangDia\DemoQuanLyChoThueBangDia.csproj", "{C774B5FC-F420-4D9C-91DC-117E9E558576}"
EndProject
Project("{FAE04EC0-301F-11D3-BF4B-00C04F79EFBC}") = "DAO", "DAO\DAO.csproj", "{69A72250-6A1A-443C-9B84-2641FCCE4E51}"
EndProject
Project("{FAE04EC0-301F-11D3-BF4B-00C04F79EFBC}") = "BUS", "BUS\BUS.csproj", "{944223B0-6F80-4E7C-A17B-1E3B313F596B}"
EndProject
Project("{FAE04EC0-301F-11D3-BF4B-00C04F79EFBC}") = "DTO", "DTO\DTO.csproj", "{4D4E1DB4-399B-474B-B1BC-6A9078567A3D}"
EndProject
Project("{FAE04EC0-301F-11D3-BF4B-00C04F79EFBC}") = "GUI", "GUI\GUI.csproj", "{C44B0E40-C03D-4445-B0A2-79C4DE13917B}"
EndProject
Global
	GlobalSection(SolutionConfigurationPlatforms) = preSolution
		Debug|Any CPU = Debug|Any CPU
		Release|Any CPU = Release|Any CPU
	EndGlobalSection
	GlobalSection(ProjectConfigurationPlatforms) = postSolution
		{C774B5FC-F420-4D9C-91DC-117E9E558576}.Debug|Any CPU.ActiveCfg = Debug|Any CPU
		{C774B5FC-F420-4D9C-91DC-117E9E558576}.Debug|Any CPU.Build.0 = Debug|Any CPU
		{C774B5FC-F420-4D9C-91DC-117E9E558576}.Release|Any CPU.ActiveCfg = Release|Any CPU
		{C774B5FC-F420-4D9C-91DC-117E9E558576}.Release|Any CPU.Build.0 = Release|Any CPU
		{69A72250-6A1A-443C-9B84-2641FCCE4E51}.Debug|Any CPU.ActiveCfg = Debug|Any CPU
		{69A72250-6A1A-443C-9B84-2641FCCE4E51}.Debug|Any CPU.Build.0 = Debug|Any CPU
		{69A72250-6A1A-443C-9B84-2641FCCE4E51}.Release|Any CPU.ActiveCfg = Release|Any CPU
		{69A72250-6A1A-443C-9B84-2641FCCE4E51}.Release|Any CPU.Build.0 = Release|Any CPU
		{944223B0-6F80-4E7C-A17B-1E3B313F596B}.Debug|Any CPU.ActiveCfg = Debug|Any CPU
		{944223B0-6F80-4E7C-A17B-1E3B313F596B}.Debug|Any CPU.Build.0 = Debug|Any CPU
		{944223B0-6F80-4E7C-A17B-1E3B313F596B}.Release|Any CPU.ActiveCfg = Release|Any CPU
		{944223B0-6F80-4E7C-A17B-1E3B313F596B}.Release|Any CPU.Build.0 = Release|Any CPU
		{4D4E1DB4-399B-474B-B1BC-6A9078567A3D}.Debug|Any CPU.ActiveCfg = Debug|Any CPU
		{4D4E1DB4-399B-474B-B1BC-6A9078567A3D}.Debug|Any CPU.Build.0 = Debug|Any CPU
		{4D4E1DB4-399B-474B-B1BC-6A9078567A3D}.Release|Any CPU.ActiveCfg = Release|Any CPU
		{4D4E1DB4-399B-474B-B1BC-6A9078567A3D}.Release|Any CPU.Build.0 = Release|Any CPU
		{C44B0E40-C03D-4445-B0A2-79C4DE13917B}.Debug|Any CPU.ActiveCfg = Debug|Any CPU
		{C44B0E40-C03D-4445-B0A2-79C4DE13917B}.Debug|Any CPU.Build.0 = Debug|Any CPU
		{C44B0E40-C03D-4445-B0A2-79C4DE13917B}.Release|Any CPU.ActiveCfg = Release|Any CPU
		{C44B0E40-C03D-4445-B0A2-79C4DE13917B}.Release|Any CPU.Build.0 = Release|Any CPU
	EndGlobalSection
	GlobalSection(SolutionProperties) = preSolution
		HideSolutionNode = FALSE
	EndGlobalSection
	GlobalSection(ExtensibilityGlobals) = postSolution
		SolutionGuid = {017D2A29-1020-4F7C-A63D-ED2589279B3F}
	EndGlobalSection
EndGlobal
